
Microsoft Visual Studio Solution File, Format Version 12.00
# Visual Studio Version 17
VisualStudioVersion = 17.12.35514.174 d17.12
MinimumVisualStudioVersion = 10.0.40219.1
Project("{FAE04EC0-301F-11D3-BF4B-00C04F79EFBC}") = "PracticaGIT_Marcos_Federico", "PracticaGIT_Marcos_Federico\PracticaGIT_Marcos_Federico.csproj", "{EF3BDFEB-281F-424F-A875-AD41B53E0516}"
EndProject
Global
	GlobalSection(SolutionConfigurationPlatforms) = preSolution
		Debug|Any CPU = Debug|Any CPU
		Release|Any CPU = Release|Any CPU
	EndGlobalSection
	GlobalSection(ProjectConfigurationPlatforms) = postSolution
		{EF3BDFEB-281F-424F-A875-AD41B53E0516}.Debug|Any CPU.ActiveCfg = Debug|Any CPU
		{EF3BDFEB-281F-424F-A875-AD41B53E0516}.Debug|Any CPU.Build.0 = Debug|Any CPU
		{EF3BDFEB-281F-424F-A875-AD41B53E0516}.Release|Any CPU.ActiveCfg = Release|Any CPU
		{EF3BDFEB-281F-424F-A875-AD41B53E0516}.Release|Any CPU.Build.0 = Release|Any CPU
	EndGlobalSection
	GlobalSection(SolutionProperties) = preSolution
		HideSolutionNode = FALSE
	EndGlobalSection
EndGlobal
